
Microsoft Visual Studio Solution File, Format Version 12.00
# Visual Studio Version 17
VisualStudioVersion = 17.0.32014.148
MinimumVisualStudioVersion = 10.0.40219.1
Project("{8BC9CEB8-8B4A-11D0-8D11-00A0C91BC942}") = "game-engine-engine", "game-engine-engine.vcxproj", "{9668F435-E15D-4455-A81B-25723122AB8F}"
EndProject
Project("{8BC9CEB8-8B4A-11D0-8D11-00A0C91BC942}") = "example_8_ball_pool", "Projects\example_8_ball_pool\example_8_ball_pool\example_8_ball_pool.vcxproj", "{6DE9C00E-5D26-4FBB-9F72-D382252E5E8D}"
	ProjectSection(ProjectDependencies) = postProject
		{9668F435-E15D-4455-A81B-25723122AB8F} = {9668F435-E15D-4455-A81B-25723122AB8F}
	EndProjectSection
EndProject
Project("{8BC9CEB8-8B4A-11D0-8D11-00A0C91BC942}") = "rehab-game", "..\rehab-game\rehab-game.vcxproj", "{70AB7359-ED9D-4E38-AFB8-F43D617EEC48}"
	ProjectSection(ProjectDependencies) = postProject
		{9668F435-E15D-4455-A81B-25723122AB8F} = {9668F435-E15D-4455-A81B-25723122AB8F}
	EndProjectSection
EndProject
Global
	GlobalSection(SolutionConfigurationPlatforms) = preSolution
		Debug|x64 = Debug|x64
		Debug|x86 = Debug|x86
		LibraryDebug|x64 = LibraryDebug|x64
		LibraryDebug|x86 = LibraryDebug|x86
		LibraryRelease|x64 = LibraryRelease|x64
		LibraryRelease|x86 = LibraryRelease|x86
		Release|x64 = Release|x64
		Release|x86 = Release|x86
	EndGlobalSection
	GlobalSection(ProjectConfigurationPlatforms) = postSolution
		{9668F435-E15D-4455-A81B-25723122AB8F}.Debug|x64.ActiveCfg = Debug|x64
		{9668F435-E15D-4455-A81B-25723122AB8F}.Debug|x64.Build.0 = Debug|x64
		{9668F435-E15D-4455-A81B-25723122AB8F}.Debug|x86.ActiveCfg = Debug|Win32
		{9668F435-E15D-4455-A81B-25723122AB8F}.Debug|x86.Build.0 = Debug|Win32
		{9668F435-E15D-4455-A81B-25723122AB8F}.LibraryDebug|x64.ActiveCfg = LibraryDebug|x64
		{9668F435-E15D-4455-A81B-25723122AB8F}.LibraryDebug|x64.Build.0 = LibraryDebug|x64
		{9668F435-E15D-4455-A81B-25723122AB8F}.LibraryDebug|x86.ActiveCfg = LibraryDebug|Win32
		{9668F435-E15D-4455-A81B-25723122AB8F}.LibraryDebug|x86.Build.0 = LibraryDebug|Win32
		{9668F435-E15D-4455-A81B-25723122AB8F}.LibraryRelease|x64.ActiveCfg = LibraryRelease|x64
		{9668F435-E15D-4455-A81B-25723122AB8F}.LibraryRelease|x64.Build.0 = LibraryRelease|x64
		{9668F435-E15D-4455-A81B-25723122AB8F}.LibraryRelease|x86.ActiveCfg = LibraryRelease|Win32
		{9668F435-E15D-4455-A81B-25723122AB8F}.LibraryRelease|x86.Build.0 = LibraryRelease|Win32
		{9668F435-E15D-4455-A81B-25723122AB8F}.Release|x64.ActiveCfg = Release|x64
		{9668F435-E15D-4455-A81B-25723122AB8F}.Release|x64.Build.0 = Release|x64
		{9668F435-E15D-4455-A81B-25723122AB8F}.Release|x86.ActiveCfg = Release|Win32
		{9668F435-E15D-4455-A81B-25723122AB8F}.Release|x86.Build.0 = Release|Win32
		{6DE9C00E-5D26-4FBB-9F72-D382252E5E8D}.Debug|x64.ActiveCfg = Debug|x64
		{6DE9C00E-5D26-4FBB-9F72-D382252E5E8D}.Debug|x64.Build.0 = Debug|x64
		{6DE9C00E-5D26-4FBB-9F72-D382252E5E8D}.Debug|x86.ActiveCfg = Debug|Win32
		{6DE9C00E-5D26-4FBB-9F72-D382252E5E8D}.Debug|x86.Build.0 = Debug|Win32
		{6DE9C00E-5D26-4FBB-9F72-D382252E5E8D}.LibraryDebug|x64.ActiveCfg = LibraryDebug|x64
		{6DE9C00E-5D26-4FBB-9F72-D382252E5E8D}.LibraryDebug|x64.Build.0 = LibraryDebug|x64
		{6DE9C00E-5D26-4FBB-9F72-D382252E5E8D}.LibraryDebug|x86.ActiveCfg = LibraryDebug|Win32
		{6DE9C00E-5D26-4FBB-9F72-D382252E5E8D}.LibraryDebug|x86.Build.0 = LibraryDebug|Win32
		{6DE9C00E-5D26-4FBB-9F72-D382252E5E8D}.LibraryRelease|x64.ActiveCfg = LibraryRelease|x64
		{6DE9C00E-5D26-4FBB-9F72-D382252E5E8D}.LibraryRelease|x86.ActiveCfg = LibraryRelease|Win32
		{6DE9C00E-5D26-4FBB-9F72-D382252E5E8D}.LibraryRelease|x86.Build.0 = LibraryRelease|Win32
		{6DE9C00E-5D26-4FBB-9F72-D382252E5E8D}.Release|x64.ActiveCfg = Release|x64
		{6DE9C00E-5D26-4FBB-9F72-D382252E5E8D}.Release|x64.Build.0 = Release|x64
		{6DE9C00E-5D26-4FBB-9F72-D382252E5E8D}.Release|x86.ActiveCfg = Release|Win32
		{6DE9C00E-5D26-4FBB-9F72-D382252E5E8D}.Release|x86.Build.0 = Release|Win32
		{70AB7359-ED9D-4E38-AFB8-F43D617EEC48}.Debug|x64.ActiveCfg = Debug|x64
		{70AB7359-ED9D-4E38-AFB8-F43D617EEC48}.Debug|x64.Build.0 = Debug|x64
		{70AB7359-ED9D-4E38-AFB8-F43D617EEC48}.Debug|x86.ActiveCfg = Debug|Win32
		{70AB7359-ED9D-4E38-AFB8-F43D617EEC48}.Debug|x86.Build.0 = Debug|Win32
		{70AB7359-ED9D-4E38-AFB8-F43D617EEC48}.LibraryDebug|x64.ActiveCfg = LibraryDebug|x64
		{70AB7359-ED9D-4E38-AFB8-F43D617EEC48}.LibraryDebug|x64.Build.0 = LibraryDebug|x64
		{70AB7359-ED9D-4E38-AFB8-F43D617EEC48}.LibraryDebug|x86.ActiveCfg = LibraryDebug|Win32
		{70AB7359-ED9D-4E38-AFB8-F43D617EEC48}.LibraryDebug|x86.Build.0 = LibraryDebug|Win32
		{70AB7359-ED9D-4E38-AFB8-F43D617EEC48}.LibraryRelease|x64.ActiveCfg = LibraryRelease|x64
		{70AB7359-ED9D-4E38-AFB8-F43D617EEC48}.LibraryRelease|x64.Build.0 = LibraryRelease|x64
		{70AB7359-ED9D-4E38-AFB8-F43D617EEC48}.LibraryRelease|x86.ActiveCfg = LibraryRelease|Win32
		{70AB7359-ED9D-4E38-AFB8-F43D617EEC48}.LibraryRelease|x86.Build.0 = LibraryRelease|Win32
		{70AB7359-ED9D-4E38-AFB8-F43D617EEC48}.Release|x64.ActiveCfg = Release|x64
		{70AB7359-ED9D-4E38-AFB8-F43D617EEC48}.Release|x64.Build.0 = Release|x64
		{70AB7359-ED9D-4E38-AFB8-F43D617EEC48}.Release|x86.ActiveCfg = Release|Win32
		{70AB7359-ED9D-4E38-AFB8-F43D617EEC48}.Release|x86.Build.0 = Release|Win32
	EndGlobalSection
	GlobalSection(SolutionProperties) = preSolution
		HideSolutionNode = FALSE
	EndGlobalSection
	GlobalSection(ExtensibilityGlobals) = postSolution
		SolutionGuid = {63B6CEEE-500B-43AA-8FB0-7E60F4A10DC2}
	EndGlobalSection
EndGlobal
